// !$*UTF8*$!
{
	archiveVersion = 1;
	classes = {
	};
	objectVersion = 48;
	objects = {

/* Begin PBXBuildFile section */
		1A1B515E1F50153300781B34 /* AppDelegate.swift in Sources */ = {isa = PBXBuildFile; fileRef = 1A1B515D1F50153300781B34 /* AppDelegate.swift */; };
		1A1B51601F50153300781B34 /* ViewController.swift in Sources */ = {isa = PBXBuildFile; fileRef = 1A1B515F1F50153300781B34 /* ViewController.swift */; };
		1A1B51631F50153300781B34 /* Main.storyboard in Resources */ = {isa = PBXBuildFile; fileRef = 1A1B51611F50153300781B34 /* Main.storyboard */; };
		1A1B51651F50153300781B34 /* Assets.xcassets in Resources */ = {isa = PBXBuildFile; fileRef = 1A1B51641F50153300781B34 /* Assets.xcassets */; };
		1A1B51681F50153300781B34 /* LaunchScreen.storyboard in Resources */ = {isa = PBXBuildFile; fileRef = 1A1B51661F50153300781B34 /* LaunchScreen.storyboard */; };
		1A1B51731F50153300781B34 /* leetcodeTests.swift in Sources */ = {isa = PBXBuildFile; fileRef = 1A1B51721F50153300781B34 /* leetcodeTests.swift */; };
		1A1B517E1F50153300781B34 /* leetcodeUITests.swift in Sources */ = {isa = PBXBuildFile; fileRef = 1A1B517D1F50153300781B34 /* leetcodeUITests.swift */; };
		1A1B518D1F50186700781B34 /* Solution.swift in Sources */ = {isa = PBXBuildFile; fileRef = 1A1B518C1F50186700781B34 /* Solution.swift */; };
		1A439E4A266F3A85008D98C7 /* Solution6.swift in Sources */ = {isa = PBXBuildFile; fileRef = 1A439E49266F3A85008D98C7 /* Solution6.swift */; };
		1A4D718A26805F2D00FCBE1E /* day7.swift in Sources */ = {isa = PBXBuildFile; fileRef = 1A4D718926805F2D00FCBE1E /* day7.swift */; };
		1AD5445025CBA7540066B67A /* Solution5.swift in Sources */ = {isa = PBXBuildFile; fileRef = 1AD5444F25CBA7540066B67A /* Solution5.swift */; };
/* End PBXBuildFile section */

/* Begin PBXContainerItemProxy section */
		1A1B516F1F50153300781B34 /* PBXContainerItemProxy */ = {
			isa = PBXContainerItemProxy;
			containerPortal = 1A1B51521F50153300781B34 /* Project object */;
			proxyType = 1;
			remoteGlobalIDString = 1A1B51591F50153300781B34;
			remoteInfo = leetcode;
		};
		1A1B517A1F50153300781B34 /* PBXContainerItemProxy */ = {
			isa = PBXContainerItemProxy;
			containerPortal = 1A1B51521F50153300781B34 /* Project object */;
			proxyType = 1;
			remoteGlobalIDString = 1A1B51591F50153300781B34;
			remoteInfo = leetcode;
		};
/* End PBXContainerItemProxy section */

/* Begin PBXFileReference section */
		1A1B515A1F50153300781B34 /* leetcode.app */ = {isa = PBXFileReference; explicitFileType = wrapper.application; includeInIndex = 0; path = leetcode.app; sourceTree = BUILT_PRODUCTS_DIR; };
		1A1B515D1F50153300781B34 /* AppDelegate.swift */ = {isa = PBXFileReference; lastKnownFileType = sourcecode.swift; path = AppDelegate.swift; sourceTree = "<group>"; };
		1A1B515F1F50153300781B34 /* ViewController.swift */ = {isa = PBXFileReference; lastKnownFileType = sourcecode.swift; path = ViewController.swift; sourceTree = "<group>"; };
		1A1B51621F50153300781B34 /* Base */ = {isa = PBXFileReference; lastKnownFileType = file.storyboard; name = Base; path = Base.lproj/Main.storyboard; sourceTree = "<group>"; };
		1A1B51641F50153300781B34 /* Assets.xcassets */ = {isa = PBXFileReference; lastKnownFileType = folder.assetcatalog; path = Assets.xcassets; sourceTree = "<group>"; };
		1A1B51671F50153300781B34 /* Base */ = {isa = PBXFileReference; lastKnownFileType = file.storyboard; name = Base; path = Base.lproj/LaunchScreen.storyboard; sourceTree = "<group>"; };
		1A1B51691F50153300781B34 /* Info.plist */ = {isa = PBXFileReference; lastKnownFileType = text.plist.xml; path = Info.plist; sourceTree = "<group>"; };
		1A1B516E1F50153300781B34 /* leetcodeTests.xctest */ = {isa = PBXFileReference; explicitFileType = wrapper.cfbundle; includeInIndex = 0; path = leetcodeTests.xctest; sourceTree = BUILT_PRODUCTS_DIR; };
		1A1B51721F50153300781B34 /* leetcodeTests.swift */ = {isa = PBXFileReference; lastKnownFileType = sourcecode.swift; path = leetcodeTests.swift; sourceTree = "<group>"; };
		1A1B51741F50153300781B34 /* Info.plist */ = {isa = PBXFileReference; lastKnownFileType = text.plist.xml; path = Info.plist; sourceTree = "<group>"; };
		1A1B51791F50153300781B34 /* leetcodeUITests.xctest */ = {isa = PBXFileReference; explicitFileType = wrapper.cfbundle; includeInIndex = 0; path = leetcodeUITests.xctest; sourceTree = BUILT_PRODUCTS_DIR; };
		1A1B517D1F50153300781B34 /* leetcodeUITests.swift */ = {isa = PBXFileReference; lastKnownFileType = sourcecode.swift; path = leetcodeUITests.swift; sourceTree = "<group>"; };
		1A1B517F1F50153300781B34 /* Info.plist */ = {isa = PBXFileReference; lastKnownFileType = text.plist.xml; path = Info.plist; sourceTree = "<group>"; };
		1A1B518C1F50186700781B34 /* Solution.swift */ = {isa = PBXFileReference; lastKnownFileType = sourcecode.swift; path = Solution.swift; sourceTree = "<group>"; };
		1A439E49266F3A85008D98C7 /* Solution6.swift */ = {isa = PBXFileReference; lastKnownFileType = sourcecode.swift; path = Solution6.swift; sourceTree = "<group>"; };
		1A4D718926805F2D00FCBE1E /* day7.swift */ = {isa = PBXFileReference; lastKnownFileType = sourcecode.swift; path = day7.swift; sourceTree = "<group>"; };
		1AD5444F25CBA7540066B67A /* Solution5.swift */ = {isa = PBXFileReference; lastKnownFileType = sourcecode.swift; path = Solution5.swift; sourceTree = "<group>"; };
/* End PBXFileReference section */

/* Begin PBXFrameworksBuildPhase section */
		1A1B51571F50153300781B34 /* Frameworks */ = {
			isa = PBXFrameworksBuildPhase;
			buildActionMask = 2147483647;
			files = (
			);
			runOnlyForDeploymentPostprocessing = 0;
		};
		1A1B516B1F50153300781B34 /* Frameworks */ = {
			isa = PBXFrameworksBuildPhase;
			buildActionMask = 2147483647;
			files = (
			);
			runOnlyForDeploymentPostprocessing = 0;
		};
		1A1B51761F50153300781B34 /* Frameworks */ = {
			isa = PBXFrameworksBuildPhase;
			buildActionMask = 2147483647;
			files = (
			);
			runOnlyForDeploymentPostprocessing = 0;
		};
/* End PBXFrameworksBuildPhase section */

/* Begin PBXGroup section */
		1A1B51511F50153300781B34 = {
			isa = PBXGroup;
			children = (
				1A1B515C1F50153300781B34 /* leetcode */,
				1A1B51711F50153300781B34 /* leetcodeTests */,
				1A1B517C1F50153300781B34 /* leetcodeUITests */,
				1A1B515B1F50153300781B34 /* Products */,
			);
			sourceTree = "<group>";
		};
		1A1B515B1F50153300781B34 /* Products */ = {
			isa = PBXGroup;
			children = (
				1A1B515A1F50153300781B34 /* leetcode.app */,
				1A1B516E1F50153300781B34 /* leetcodeTests.xctest */,
				1A1B51791F50153300781B34 /* leetcodeUITests.xctest */,
			);
			name = Products;
			sourceTree = "<group>";
		};
		1A1B515C1F50153300781B34 /* leetcode */ = {
			isa = PBXGroup;
			children = (
				1A1B518B1F50156100781B34 /* leetcode3 */,
				1A1B515D1F50153300781B34 /* AppDelegate.swift */,
				1A1B515F1F50153300781B34 /* ViewController.swift */,
				1A1B51611F50153300781B34 /* Main.storyboard */,
				1A1B51641F50153300781B34 /* Assets.xcassets */,
				1A1B51661F50153300781B34 /* LaunchScreen.storyboard */,
				1A1B51691F50153300781B34 /* Info.plist */,
			);
			path = leetcode;
			sourceTree = "<group>";
		};
		1A1B51711F50153300781B34 /* leetcodeTests */ = {
			isa = PBXGroup;
			children = (
				1A1B51721F50153300781B34 /* leetcodeTests.swift */,
				1A1B51741F50153300781B34 /* Info.plist */,
			);
			path = leetcodeTests;
			sourceTree = "<group>";
		};
		1A1B517C1F50153300781B34 /* leetcodeUITests */ = {
			isa = PBXGroup;
			children = (
				1A1B517D1F50153300781B34 /* leetcodeUITests.swift */,
				1A1B517F1F50153300781B34 /* Info.plist */,
			);
			path = leetcodeUITests;
			sourceTree = "<group>";
		};
		1A1B518B1F50156100781B34 /* leetcode3 */ = {
			isa = PBXGroup;
			children = (
				1A1B518C1F50186700781B34 /* Solution.swift */,
				1AD5444F25CBA7540066B67A /* Solution5.swift */,
				1A439E49266F3A85008D98C7 /* Solution6.swift */,
				1A4D718926805F2D00FCBE1E /* day7.swift */,
			);
			path = leetcode3;
			sourceTree = "<group>";
		};
/* End PBXGroup section */

/* Begin PBXNativeTarget section */
		1A1B51591F50153300781B34 /* leetcode */ = {
			isa = PBXNativeTarget;
			buildConfigurationList = 1A1B51821F50153300781B34 /* Build configuration list for PBXNativeTarget "leetcode" */;
			buildPhases = (
				1A1B51561F50153300781B34 /* Sources */,
				1A1B51571F50153300781B34 /* Frameworks */,
				1A1B51581F50153300781B34 /* Resources */,
			);
			buildRules = (
			);
			dependencies = (
			);
			name = leetcode;
			productName = leetcode;
			productReference = 1A1B515A1F50153300781B34 /* leetcode.app */;
			productType = "com.apple.product-type.application";
		};
		1A1B516D1F50153300781B34 /* leetcodeTests */ = {
			isa = PBXNativeTarget;
			buildConfigurationList = 1A1B51851F50153300781B34 /* Build configuration list for PBXNativeTarget "leetcodeTests" */;
			buildPhases = (
				1A1B516A1F50153300781B34 /* Sources */,
				1A1B516B1F50153300781B34 /* Frameworks */,
				1A1B516C1F50153300781B34 /* Resources */,
			);
			buildRules = (
			);
			dependencies = (
				1A1B51701F50153300781B34 /* PBXTargetDependency */,
			);
			name = leetcodeTests;
			productName = leetcodeTests;
			productReference = 1A1B516E1F50153300781B34 /* leetcodeTests.xctest */;
			productType = "com.apple.product-type.bundle.unit-test";
		};
		1A1B51781F50153300781B34 /* leetcodeUITests */ = {
			isa = PBXNativeTarget;
			buildConfigurationList = 1A1B51881F50153300781B34 /* Build configuration list for PBXNativeTarget "leetcodeUITests" */;
			buildPhases = (
				1A1B51751F50153300781B34 /* Sources */,
				1A1B51761F50153300781B34 /* Frameworks */,
				1A1B51771F50153300781B34 /* Resources */,
			);
			buildRules = (
			);
			dependencies = (
				1A1B517B1F50153300781B34 /* PBXTargetDependency */,
			);
			name = leetcodeUITests;
			productName = leetcodeUITests;
			productReference = 1A1B51791F50153300781B34 /* leetcodeUITests.xctest */;
			productType = "com.apple.product-type.bundle.ui-testing";
		};
/* End PBXNativeTarget section */

/* Begin PBXProject section */
		1A1B51521F50153300781B34 /* Project object */ = {
			isa = PBXProject;
			attributes = {
				LastSwiftUpdateCheck = 0900;
				LastUpgradeCheck = 0900;
				ORGANIZATIONNAME = fishycx;
				TargetAttributes = {
					1A1B51591F50153300781B34 = {
						CreatedOnToolsVersion = 9.0;
					};
					1A1B516D1F50153300781B34 = {
						CreatedOnToolsVersion = 9.0;
						TestTargetID = 1A1B51591F50153300781B34;
					};
					1A1B51781F50153300781B34 = {
						CreatedOnToolsVersion = 9.0;
						TestTargetID = 1A1B51591F50153300781B34;
					};
				};
			};
			buildConfigurationList = 1A1B51551F50153300781B34 /* Build configuration list for PBXProject "leetcode" */;
			compatibilityVersion = "Xcode 8.0";
			developmentRegion = en;
			hasScannedForEncodings = 0;
			knownRegions = (
				en,
				Base,
			);
			mainGroup = 1A1B51511F50153300781B34;
			productRefGroup = 1A1B515B1F50153300781B34 /* Products */;
			projectDirPath = "";
			projectRoot = "";
			targets = (
				1A1B51591F50153300781B34 /* leetcode */,
				1A1B516D1F50153300781B34 /* leetcodeTests */,
				1A1B51781F50153300781B34 /* leetcodeUITests */,
			);
		};
/* End PBXProject section */

/* Begin PBXResourcesBuildPhase section */
		1A1B51581F50153300781B34 /* Resources */ = {
			isa = PBXResourcesBuildPhase;
			buildActionMask = 2147483647;
			files = (
				1A1B51681F50153300781B34 /* LaunchScreen.storyboard in Resources */,
				1A1B51651F50153300781B34 /* Assets.xcassets in Resources */,
				1A1B51631F50153300781B34 /* Main.storyboard in Resources */,
			);
			runOnlyForDeploymentPostprocessing = 0;
		};
		1A1B516C1F50153300781B34 /* Resources */ = {
			isa = PBXResourcesBuildPhase;
			buildActionMask = 2147483647;
			files = (
			);
			runOnlyForDeploymentPostprocessing = 0;
		};
		1A1B51771F50153300781B34 /* Resources */ = {
			isa = PBXResourcesBuildPhase;
			buildActionMask = 2147483647;
			files = (
			);
			runOnlyForDeploymentPostprocessing = 0;
		};
/* End PBXResourcesBuildPhase section */

/* Begin PBXSourcesBuildPhase section */
		1A1B51561F50153300781B34 /* Sources */ = {
			isa = PBXSourcesBuildPhase;
			buildActionMask = 2147483647;
			files = (
				1AD5445025CBA7540066B67A /* Solution5.swift in Sources */,
				1A1B51601F50153300781B34 /* ViewController.swift in Sources */,
				1A1B515E1F50153300781B34 /* AppDelegate.swift in Sources */,
				1A1B518D1F50186700781B34 /* Solution.swift in Sources */,
				1A4D718A26805F2D00FCBE1E /* day7.swift in Sources */,
				1A439E4A266F3A85008D98C7 /* Solution6.swift in Sources */,
			);
			runOnlyForDeploymentPostprocessing = 0;
		};
		1A1B516A1F50153300781B34 /* Sources */ = {
			isa = PBXSourcesBuildPhase;
			buildActionMask = 2147483647;
			files = (
				1A1B51731F50153300781B34 /* leetcodeTests.swift in Sources */,
			);
			runOnlyForDeploymentPostprocessing = 0;
		};
		1A1B51751F50153300781B34 /* Sources */ = {
			isa = PBXSourcesBuildPhase;
			buildActionMask = 2147483647;
			files = (
				1A1B517E1F50153300781B34 /* leetcodeUITests.swift in Sources */,
			);
			runOnlyForDeploymentPostprocessing = 0;
		};
/* End PBXSourcesBuildPhase section */

/* Begin PBXTargetDependency section */
		1A1B51701F50153300781B34 /* PBXTargetDependency */ = {
			isa = PBXTargetDependency;
			target = 1A1B51591F50153300781B34 /* leetcode */;
			targetProxy = 1A1B516F1F50153300781B34 /* PBXContainerItemProxy */;
		};
		1A1B517B1F50153300781B34 /* PBXTargetDependency */ = {
			isa = PBXTargetDependency;
			target = 1A1B51591F50153300781B34 /* leetcode */;
			targetProxy = 1A1B517A1F50153300781B34 /* PBXContainerItemProxy */;
		};
/* End PBXTargetDependency section */

/* Begin PBXVariantGroup section */
		1A1B51611F50153300781B34 /* Main.storyboard */ = {
			isa = PBXVariantGroup;
			children = (
				1A1B51621F50153300781B34 /* Base */,
			);
			name = Main.storyboard;
			sourceTree = "<group>";
		};
		1A1B51661F50153300781B34 /* LaunchScreen.storyboard */ = {
			isa = PBXVariantGroup;
			children = (
				1A1B51671F50153300781B34 /* Base */,
			);
			name = LaunchScreen.storyboard;
			sourceTree = "<group>";
		};
/* End PBXVariantGroup section */

/* Begin XCBuildConfiguration section */
		1A1B51801F50153300781B34 /* Debug */ = {
			isa = XCBuildConfiguration;
			buildSettings = {
				ALWAYS_SEARCH_USER_PATHS = NO;
				CLANG_ANALYZER_NONNULL = YES;
				CLANG_ANALYZER_NUMBER_OBJECT_CONVERSION = YES_AGGRESSIVE;
				CLANG_CXX_LANGUAGE_STANDARD = "gnu++14";
				CLANG_CXX_LIBRARY = "libc++";
				CLANG_ENABLE_MODULES = YES;
				CLANG_ENABLE_OBJC_ARC = YES;
				CLANG_WARN_BLOCK_CAPTURE_AUTORELEASING = YES;
				CLANG_WARN_BOOL_CONVERSION = YES;
				CLANG_WARN_COMMA = YES;
				CLANG_WARN_CONSTANT_CONVERSION = YES;
				CLANG_WARN_DIRECT_OBJC_ISA_USAGE = YES_ERROR;
				CLANG_WARN_DOCUMENTATION_COMMENTS = YES;
				CLANG_WARN_EMPTY_BODY = YES;
				CLANG_WARN_ENUM_CONVERSION = YES;
				CLANG_WARN_INFINITE_RECURSION = YES;
				CLANG_WARN_INT_CONVERSION = YES;
				CLANG_WARN_NON_LITERAL_NULL_CONVERSION = YES;
				CLANG_WARN_OBJC_LITERAL_CONVERSION = YES;
				CLANG_WARN_OBJC_ROOT_CLASS = YES_ERROR;
				CLANG_WARN_RANGE_LOOP_ANALYSIS = YES;
				CLANG_WARN_STRICT_PROTOTYPES = YES;
				CLANG_WARN_SUSPICIOUS_MOVE = YES;
				CLANG_WARN_UNGUARDED_AVAILABILITY = YES_AGGRESSIVE;
				CLANG_WARN_UNREACHABLE_CODE = YES;
				CLANG_WARN__DUPLICATE_METHOD_MATCH = YES;
				CODE_SIGN_IDENTITY = "iPhone Developer";
				COPY_PHASE_STRIP = NO;
				DEBUG_INFORMATION_FORMAT = dwarf;
				ENABLE_STRICT_OBJC_MSGSEND = YES;
				ENABLE_TESTABILITY = YES;
				GCC_C_LANGUAGE_STANDARD = gnu11;
				GCC_DYNAMIC_NO_PIC = NO;
				GCC_NO_COMMON_BLOCKS = YES;
				GCC_OPTIMIZATION_LEVEL = 0;
				GCC_PREPROCESSOR_DEFINITIONS = (
					"DEBUG=1",
					"$(inherited)",
				);
				GCC_WARN_64_TO_32_BIT_CONVERSION = YES;
				GCC_WARN_ABOUT_RETURN_TYPE = YES_ERROR;
				GCC_WARN_UNDECLARED_SELECTOR = YES;
				GCC_WARN_UNINITIALIZED_AUTOS = YES_AGGRESSIVE;
				GCC_WARN_UNUSED_FUNCTION = YES;
				GCC_WARN_UNUSED_VARIABLE = YES;
				IPHONEOS_DEPLOYMENT_TARGET = 11.0;
				MTL_ENABLE_DEBUG_INFO = YES;
				ONLY_ACTIVE_ARCH = YES;
				SDKROOT = iphoneos;
				SWIFT_ACTIVE_COMPILATION_CONDITIONS = DEBUG;
				SWIFT_OPTIMIZATION_LEVEL = "-Onone";
			};
			name = Debug;
		};
		1A1B51811F50153300781B34 /* Release */ = {
			isa = XCBuildConfiguration;
			buildSettings = {
				ALWAYS_SEARCH_USER_PATHS = NO;
				CLANG_ANALYZER_NONNULL = YES;
				CLANG_ANALYZER_NUMBER_OBJECT_CONVERSION = YES_AGGRESSIVE;
				CLANG_CXX_LANGUAGE_STANDARD = "gnu++14";
				CLANG_CXX_LIBRARY = "libc++";
				CLANG_ENABLE_MODULES = YES;
				CLANG_ENABLE_OBJC_ARC = YES;
				CLANG_WARN_BLOCK_CAPTURE_AUTORELEASING = YES;
				CLANG_WARN_BOOL_CONVERSION = YES;
				CLANG_WARN_COMMA = YES;
				CLANG_WARN_CONSTANT_CONVERSION = YES;
				CLANG_WARN_DIRECT_OBJC_ISA_USAGE = YES_ERROR;
				CLANG_WARN_DOCUMENTATION_COMMENTS = YES;
				CLANG_WARN_EMPTY_BODY = YES;
				CLANG_WARN_ENUM_CONVERSION = YES;
				CLANG_WARN_INFINITE_RECURSION = YES;
				CLANG_WARN_INT_CONVERSION = YES;
				CLANG_WARN_NON_LITERAL_NULL_CONVERSION = YES;
				CLANG_WARN_OBJC_LITERAL_CONVERSION = YES;
				CLANG_WARN_OBJC_ROOT_CLASS = YES_ERROR;
				CLANG_WARN_RANGE_LOOP_ANALYSIS = YES;
				CLANG_WARN_STRICT_PROTOTYPES = YES;
				CLANG_WARN_SUSPICIOUS_MOVE = YES;
				CLANG_WARN_UNGUARDED_AVAILABILITY = YES_AGGRESSIVE;
				CLANG_WARN_UNREACHABLE_CODE = YES;
				CLANG_WARN__DUPLICATE_METHOD_MATCH = YES;
				CODE_SIGN_IDENTITY = "iPhone Developer";
				COPY_PHASE_STRIP = NO;
				DEBUG_INFORMATION_FORMAT = "dwarf-with-dsym";
				ENABLE_NS_ASSERTIONS = NO;
				ENABLE_STRICT_OBJC_MSGSEND = YES;
				GCC_C_LANGUAGE_STANDARD = gnu11;
				GCC_NO_COMMON_BLOCKS = YES;
				GCC_WARN_64_TO_32_BIT_CONVERSION = YES;
				GCC_WARN_ABOUT_RETURN_TYPE = YES_ERROR;
				GCC_WARN_UNDECLARED_SELECTOR = YES;
				GCC_WARN_UNINITIALIZED_AUTOS = YES_AGGRESSIVE;
				GCC_WARN_UNUSED_FUNCTION = YES;
				GCC_WARN_UNUSED_VARIABLE = YES;
				IPHONEOS_DEPLOYMENT_TARGET = 11.0;
				MTL_ENABLE_DEBUG_INFO = NO;
				SDKROOT = iphoneos;
				SWIFT_OPTIMIZATION_LEVEL = "-Owholemodule";
				VALIDATE_PRODUCT = YES;
			};
			name = Release;
		};
		1A1B51831F50153300781B34 /* Debug */ = {
			isa = XCBuildConfiguration;
			buildSettings = {
				ASSETCATALOG_COMPILER_APPICON_NAME = AppIcon;
				DEVELOPMENT_TEAM = 749SBRVJVP;
				INFOPLIST_FILE = leetcode/Info.plist;
				LD_RUNPATH_SEARCH_PATHS = "$(inherited) @executable_path/Frameworks";
				PRODUCT_BUNDLE_IDENTIFIER = com.fishycx.leetcode;
				PRODUCT_NAME = "$(TARGET_NAME)";
				SWIFT_VERSION = 4.0;
				TARGETED_DEVICE_FAMILY = "1,2";
			};
			name = Debug;
		};
		1A1B51841F50153300781B34 /* Release */ = {
			isa = XCBuildConfiguration;
			buildSettings = {
				ASSETCATALOG_COMPILER_APPICON_NAME = AppIcon;
				DEVELOPMENT_TEAM = 749SBRVJVP;
				INFOPLIST_FILE = leetcode/Info.plist;
				LD_RUNPATH_SEARCH_PATHS = "$(inherited) @executable_path/Frameworks";
				PRODUCT_BUNDLE_IDENTIFIER = com.fishycx.leetcode;
				PRODUCT_NAME = "$(TARGET_NAME)";
				SWIFT_VERSION = 4.0;
				TARGETED_DEVICE_FAMILY = "1,2";
			};
			name = Release;
		};
		1A1B51861F50153300781B34 /* Debug */ = {
			isa = XCBuildConfiguration;
			buildSettings = {
				ALWAYS_EMBED_SWIFT_STANDARD_LIBRARIES = YES;
				BUNDLE_LOADER = "$(TEST_HOST)";
				DEVELOPMENT_TEAM = 749SBRVJVP;
				INFOPLIST_FILE = leetcodeTests/Info.plist;
				LD_RUNPATH_SEARCH_PATHS = "$(inherited) @executable_path/Frameworks @loader_path/Frameworks";
				PRODUCT_BUNDLE_IDENTIFIER = com.fishycx.leetcodeTests;
				PRODUCT_NAME = "$(TARGET_NAME)";
				SWIFT_VERSION = 4.0;
				TARGETED_DEVICE_FAMILY = "1,2";
				TEST_HOST = "$(BUILT_PRODUCTS_DIR)/leetcode.app/leetcode";
			};
			name = Debug;
		};
		1A1B51871F50153300781B34 /* Release */ = {
			isa = XCBuildConfiguration;
			buildSettings = {
				ALWAYS_EMBED_SWIFT_STANDARD_LIBRARIES = YES;
				BUNDLE_LOADER = "$(TEST_HOST)";
				DEVELOPMENT_TEAM = 749SBRVJVP;
				INFOPLIST_FILE = leetcodeTests/Info.plist;
				LD_RUNPATH_SEARCH_PATHS = "$(inherited) @executable_path/Frameworks @loader_path/Frameworks";
				PRODUCT_BUNDLE_IDENTIFIER = com.fishycx.leetcodeTests;
				PRODUCT_NAME = "$(TARGET_NAME)";
				SWIFT_VERSION = 4.0;
				TARGETED_DEVICE_FAMILY = "1,2";
				TEST_HOST = "$(BUILT_PRODUCTS_DIR)/leetcode.app/leetcode";
			};
			name = Release;
		};
		1A1B51891F50153300781B34 /* Debug */ = {
			isa = XCBuildConfiguration;
			buildSettings = {
				ALWAYS_EMBED_SWIFT_STANDARD_LIBRARIES = YES;
				DEVELOPMENT_TEAM = 749SBRVJVP;
				INFOPLIST_FILE = leetcodeUITests/Info.plist;
				LD_RUNPATH_SEARCH_PATHS = "$(inherited) @executable_path/Frameworks @loader_path/Frameworks";
				PRODUCT_BUNDLE_IDENTIFIER = com.fishycx.leetcodeUITests;
				PRODUCT_NAME = "$(TARGET_NAME)";
				SWIFT_VERSION = 4.0;
				TARGETED_DEVICE_FAMILY = "1,2";
				TEST_TARGET_NAME = leetcode;
			};
			name = Debug;
		};
		1A1B518A1F50153300781B34 /* Release */ = {
			isa = XCBuildConfiguration;
			buildSettings = {
				ALWAYS_EMBED_SWIFT_STANDARD_LIBRARIES = YES;
				DEVELOPMENT_TEAM = 749SBRVJVP;
				INFOPLIST_FILE = leetcodeUITests/Info.plist;
				LD_RUNPATH_SEARCH_PATHS = "$(inherited) @executable_path/Frameworks @loader_path/Frameworks";
				PRODUCT_BUNDLE_IDENTIFIER = com.fishycx.leetcodeUITests;
				PRODUCT_NAME = "$(TARGET_NAME)";
				SWIFT_VERSION = 4.0;
				TARGETED_DEVICE_FAMILY = "1,2";
				TEST_TARGET_NAME = leetcode;
			};
			name = Release;
		};
/* End XCBuildConfiguration section */

/* Begin XCConfigurationList section */
		1A1B51551F50153300781B34 /* Build configuration list for PBXProject "leetcode" */ = {
			isa = XCConfigurationList;
			buildConfigurations = (
				1A1B51801F50153300781B34 /* Debug */,
				1A1B51811F50153300781B34 /* Release */,
			);
			defaultConfigurationIsVisible = 0;
			defaultConfigurationName = Release;
		};
		1A1B51821F50153300781B34 /* Build configuration list for PBXNativeTarget "leetcode" */ = {
			isa = XCConfigurationList;
			buildConfigurations = (
				1A1B51831F50153300781B34 /* Debug */,
				1A1B51841F50153300781B34 /* Release */,
			);
			defaultConfigurationIsVisible = 0;
			defaultConfigurationName = Release;
		};
		1A1B51851F50153300781B34 /* Build configuration list for PBXNativeTarget "leetcodeTests" */ = {
			isa = XCConfigurationList;
			buildConfigurations = (
				1A1B51861F50153300781B34 /* Debug */,
				1A1B51871F50153300781B34 /* Release */,
			);
			defaultConfigurationIsVisible = 0;
			defaultConfigurationName = Release;
		};
		1A1B51881F50153300781B34 /* Build configuration list for PBXNativeTarget "leetcodeUITests" */ = {
			isa = XCConfigurationList;
			buildConfigurations = (
				1A1B51891F50153300781B34 /* Debug */,
				1A1B518A1F50153300781B34 /* Release */,
			);
			defaultConfigurationIsVisible = 0;
			defaultConfigurationName = Release;
		};
/* End XCConfigurationList section */
	};
	rootObject = 1A1B51521F50153300781B34 /* Project object */;
}
