// !$*UTF8*$!
{
	archiveVersion = 1;
	classes = {
	};
	objectVersion = 50;
	objects = {

/* Begin PBXBuildFile section */
		1AC48996257E032F00154739 /* AppDelegate.m in Sources */ = {isa = PBXBuildFile; fileRef = 1AC48995257E032F00154739 /* AppDelegate.m */; };
		1AC48999257E032F00154739 /* SceneDelegate.m in Sources */ = {isa = PBXBuildFile; fileRef = 1AC48998257E032F00154739 /* SceneDelegate.m */; };
		1AC4899C257E032F00154739 /* ViewController.m in Sources */ = {isa = PBXBuildFile; fileRef = 1AC4899B257E032F00154739 /* ViewController.m */; };
		1AC4899F257E032F00154739 /* Main.storyboard in Resources */ = {isa = PBXBuildFile; fileRef = 1AC4899D257E032F00154739 /* Main.storyboard */; };
		1AC489A1257E033100154739 /* Assets.xcassets in Resources */ = {isa = PBXBuildFile; fileRef = 1AC489A0257E033100154739 /* Assets.xcassets */; };
		1AC489A4257E033100154739 /* LaunchScreen.storyboard in Resources */ = {isa = PBXBuildFile; fileRef = 1AC489A2257E033100154739 /* LaunchScreen.storyboard */; };
		1AC489A7257E033100154739 /* main.m in Sources */ = {isa = PBXBuildFile; fileRef = 1AC489A6257E033100154739 /* main.m */; };
		1AC489B6257E299B00154739 /* UIView+YY.m in Sources */ = {isa = PBXBuildFile; fileRef = 1AC489B5257E299B00154739 /* UIView+YY.m */; };
/* End PBXBuildFile section */

/* Begin PBXFileReference section */
		1AC48991257E032F00154739 /* iOSReview.app */ = {isa = PBXFileReference; explicitFileType = wrapper.application; includeInIndex = 0; path = iOSReview.app; sourceTree = BUILT_PRODUCTS_DIR; };
		1AC48994257E032F00154739 /* AppDelegate.h */ = {isa = PBXFileReference; lastKnownFileType = sourcecode.c.h; path = AppDelegate.h; sourceTree = "<group>"; };
		1AC48995257E032F00154739 /* AppDelegate.m */ = {isa = PBXFileReference; lastKnownFileType = sourcecode.c.objc; path = AppDelegate.m; sourceTree = "<group>"; };
		1AC48997257E032F00154739 /* SceneDelegate.h */ = {isa = PBXFileReference; lastKnownFileType = sourcecode.c.h; path = SceneDelegate.h; sourceTree = "<group>"; };
		1AC48998257E032F00154739 /* SceneDelegate.m */ = {isa = PBXFileReference; lastKnownFileType = sourcecode.c.objc; path = SceneDelegate.m; sourceTree = "<group>"; };
		1AC4899A257E032F00154739 /* ViewController.h */ = {isa = PBXFileReference; lastKnownFileType = sourcecode.c.h; path = ViewController.h; sourceTree = "<group>"; };
		1AC4899B257E032F00154739 /* ViewController.m */ = {isa = PBXFileReference; lastKnownFileType = sourcecode.c.objc; path = ViewController.m; sourceTree = "<group>"; };
		1AC4899E257E032F00154739 /* Base */ = {isa = PBXFileReference; lastKnownFileType = file.storyboard; name = Base; path = Base.lproj/Main.storyboard; sourceTree = "<group>"; };
		1AC489A0257E033100154739 /* Assets.xcassets */ = {isa = PBXFileReference; lastKnownFileType = folder.assetcatalog; path = Assets.xcassets; sourceTree = "<group>"; };
		1AC489A3257E033100154739 /* Base */ = {isa = PBXFileReference; lastKnownFileType = file.storyboard; name = Base; path = Base.lproj/LaunchScreen.storyboard; sourceTree = "<group>"; };
		1AC489A5257E033100154739 /* Info.plist */ = {isa = PBXFileReference; lastKnownFileType = text.plist.xml; path = Info.plist; sourceTree = "<group>"; };
		1AC489A6257E033100154739 /* main.m */ = {isa = PBXFileReference; lastKnownFileType = sourcecode.c.objc; path = main.m; sourceTree = "<group>"; };
		1AC489B4257E299B00154739 /* UIView+YY.h */ = {isa = PBXFileReference; lastKnownFileType = sourcecode.c.h; path = "UIView+YY.h"; sourceTree = "<group>"; };
		1AC489B5257E299B00154739 /* UIView+YY.m */ = {isa = PBXFileReference; lastKnownFileType = sourcecode.c.objc; path = "UIView+YY.m"; sourceTree = "<group>"; };
/* End PBXFileReference section */

/* Begin PBXFrameworksBuildPhase section */
		1AC4898E257E032F00154739 /* Frameworks */ = {
			isa = PBXFrameworksBuildPhase;
			buildActionMask = 2147483647;
			files = (
			);
			runOnlyForDeploymentPostprocessing = 0;
		};
/* End PBXFrameworksBuildPhase section */

/* Begin PBXGroup section */
		1AC48988257E032F00154739 = {
			isa = PBXGroup;
			children = (
				1AC48993257E032F00154739 /* iOSReview */,
				1AC48992257E032F00154739 /* Products */,
			);
			sourceTree = "<group>";
		};
		1AC48992257E032F00154739 /* Products */ = {
			isa = PBXGroup;
			children = (
				1AC48991257E032F00154739 /* iOSReview.app */,
			);
			name = Products;
			sourceTree = "<group>";
		};
		1AC48993257E032F00154739 /* iOSReview */ = {
			isa = PBXGroup;
			children = (
				1AC489AE257E034A00154739 /* Category */,
				1AC48994257E032F00154739 /* AppDelegate.h */,
				1AC48995257E032F00154739 /* AppDelegate.m */,
				1AC48997257E032F00154739 /* SceneDelegate.h */,
				1AC48998257E032F00154739 /* SceneDelegate.m */,
				1AC4899A257E032F00154739 /* ViewController.h */,
				1AC4899B257E032F00154739 /* ViewController.m */,
				1AC4899D257E032F00154739 /* Main.storyboard */,
				1AC489A0257E033100154739 /* Assets.xcassets */,
				1AC489A2257E033100154739 /* LaunchScreen.storyboard */,
				1AC489A5257E033100154739 /* Info.plist */,
				1AC489A6257E033100154739 /* main.m */,
			);
			path = iOSReview;
			sourceTree = "<group>";
		};
		1AC489AE257E034A00154739 /* Category */ = {
			isa = PBXGroup;
			children = (
				1AC489B4257E299B00154739 /* UIView+YY.h */,
				1AC489B5257E299B00154739 /* UIView+YY.m */,
			);
			path = Category;
			sourceTree = "<group>";
		};
/* End PBXGroup section */

/* Begin PBXNativeTarget section */
		1AC48990257E032F00154739 /* iOSReview */ = {
			isa = PBXNativeTarget;
			buildConfigurationList = 1AC489AA257E033100154739 /* Build configuration list for PBXNativeTarget "iOSReview" */;
			buildPhases = (
				1AC4898D257E032F00154739 /* Sources */,
				1AC4898E257E032F00154739 /* Frameworks */,
				1AC4898F257E032F00154739 /* Resources */,
			);
			buildRules = (
			);
			dependencies = (
			);
			name = iOSReview;
			productName = iOSReview;
			productReference = 1AC48991257E032F00154739 /* iOSReview.app */;
			productType = "com.apple.product-type.application";
		};
/* End PBXNativeTarget section */

/* Begin PBXProject section */
		1AC48989257E032F00154739 /* Project object */ = {
			isa = PBXProject;
			attributes = {
				LastUpgradeCheck = 1220;
				TargetAttributes = {
					1AC48990257E032F00154739 = {
						CreatedOnToolsVersion = 12.2;
					};
				};
			};
			buildConfigurationList = 1AC4898C257E032F00154739 /* Build configuration list for PBXProject "iOSReview" */;
			compatibilityVersion = "Xcode 9.3";
			developmentRegion = en;
			hasScannedForEncodings = 0;
			knownRegions = (
				en,
				Base,
			);
			mainGroup = 1AC48988257E032F00154739;
			productRefGroup = 1AC48992257E032F00154739 /* Products */;
			projectDirPath = "";
			projectRoot = "";
			targets = (
				1AC48990257E032F00154739 /* iOSReview */,
			);
		};
/* End PBXProject section */

/* Begin PBXResourcesBuildPhase section */
		1AC4898F257E032F00154739 /* Resources */ = {
			isa = PBXResourcesBuildPhase;
			buildActionMask = 2147483647;
			files = (
				1AC489A4257E033100154739 /* LaunchScreen.storyboard in Resources */,
				1AC489A1257E033100154739 /* Assets.xcassets in Resources */,
				1AC4899F257E032F00154739 /* Main.storyboard in Resources */,
			);
			runOnlyForDeploymentPostprocessing = 0;
		};
/* End PBXResourcesBuildPhase section */

/* Begin PBXSourcesBuildPhase section */
		1AC4898D257E032F00154739 /* Sources */ = {
			isa = PBXSourcesBuildPhase;
			buildActionMask = 2147483647;
			files = (
				1AC4899C257E032F00154739 /* ViewController.m in Sources */,
				1AC48996257E032F00154739 /* AppDelegate.m in Sources */,
				1AC489A7257E033100154739 /* main.m in Sources */,
				1AC48999257E032F00154739 /* SceneDelegate.m in Sources */,
				1AC489B6257E299B00154739 /* UIView+YY.m in Sources */,
			);
			runOnlyForDeploymentPostprocessing = 0;
		};
/* End PBXSourcesBuildPhase section */

/* Begin PBXVariantGroup section */
		1AC4899D257E032F00154739 /* Main.storyboard */ = {
			isa = PBXVariantGroup;
			children = (
				1AC4899E257E032F00154739 /* Base */,
			);
			name = Main.storyboard;
			sourceTree = "<group>";
		};
		1AC489A2257E033100154739 /* LaunchScreen.storyboard */ = {
			isa = PBXVariantGroup;
			children = (
				1AC489A3257E033100154739 /* Base */,
			);
			name = LaunchScreen.storyboard;
			sourceTree = "<group>";
		};
/* End PBXVariantGroup section */

/* Begin XCBuildConfiguration section */
		1AC489A8257E033100154739 /* Debug */ = {
			isa = XCBuildConfiguration;
			buildSettings = {
				ALWAYS_SEARCH_USER_PATHS = NO;
				CLANG_ANALYZER_NONNULL = YES;
				CLANG_ANALYZER_NUMBER_OBJECT_CONVERSION = YES_AGGRESSIVE;
				CLANG_CXX_LANGUAGE_STANDARD = "gnu++14";
				CLANG_CXX_LIBRARY = "libc++";
				CLANG_ENABLE_MODULES = YES;
				CLANG_ENABLE_OBJC_ARC = YES;
				CLANG_ENABLE_OBJC_WEAK = YES;
				CLANG_WARN_BLOCK_CAPTURE_AUTORELEASING = YES;
				CLANG_WARN_BOOL_CONVERSION = YES;
				CLANG_WARN_COMMA = YES;
				CLANG_WARN_CONSTANT_CONVERSION = YES;
				CLANG_WARN_DEPRECATED_OBJC_IMPLEMENTATIONS = YES;
				CLANG_WARN_DIRECT_OBJC_ISA_USAGE = YES_ERROR;
				CLANG_WARN_DOCUMENTATION_COMMENTS = YES;
				CLANG_WARN_EMPTY_BODY = YES;
				CLANG_WARN_ENUM_CONVERSION = YES;
				CLANG_WARN_INFINITE_RECURSION = YES;
				CLANG_WARN_INT_CONVERSION = YES;
				CLANG_WARN_NON_LITERAL_NULL_CONVERSION = YES;
				CLANG_WARN_OBJC_IMPLICIT_RETAIN_SELF = YES;
				CLANG_WARN_OBJC_LITERAL_CONVERSION = YES;
				CLANG_WARN_OBJC_ROOT_CLASS = YES_ERROR;
				CLANG_WARN_QUOTED_INCLUDE_IN_FRAMEWORK_HEADER = YES;
				CLANG_WARN_RANGE_LOOP_ANALYSIS = YES;
				CLANG_WARN_STRICT_PROTOTYPES = YES;
				CLANG_WARN_SUSPICIOUS_MOVE = YES;
				CLANG_WARN_UNGUARDED_AVAILABILITY = YES_AGGRESSIVE;
				CLANG_WARN_UNREACHABLE_CODE = YES;
				CLANG_WARN__DUPLICATE_METHOD_MATCH = YES;
				COPY_PHASE_STRIP = NO;
				DEBUG_INFORMATION_FORMAT = dwarf;
				ENABLE_STRICT_OBJC_MSGSEND = YES;
				ENABLE_TESTABILITY = YES;
				GCC_C_LANGUAGE_STANDARD = gnu11;
				GCC_DYNAMIC_NO_PIC = NO;
				GCC_NO_COMMON_BLOCKS = YES;
				GCC_OPTIMIZATION_LEVEL = 0;
				GCC_PREPROCESSOR_DEFINITIONS = (
					"DEBUG=1",
					"$(inherited)",
				);
				GCC_WARN_64_TO_32_BIT_CONVERSION = YES;
				GCC_WARN_ABOUT_RETURN_TYPE = YES_ERROR;
				GCC_WARN_UNDECLARED_SELECTOR = YES;
				GCC_WARN_UNINITIALIZED_AUTOS = YES_AGGRESSIVE;
				GCC_WARN_UNUSED_FUNCTION = YES;
				GCC_WARN_UNUSED_VARIABLE = YES;
				IPHONEOS_DEPLOYMENT_TARGET = 14.2;
				MTL_ENABLE_DEBUG_INFO = INCLUDE_SOURCE;
				MTL_FAST_MATH = YES;
				ONLY_ACTIVE_ARCH = YES;
				SDKROOT = iphoneos;
			};
			name = Debug;
		};
		1AC489A9257E033100154739 /* Release */ = {
			isa = XCBuildConfiguration;
			buildSettings = {
				ALWAYS_SEARCH_USER_PATHS = NO;
				CLANG_ANALYZER_NONNULL = YES;
				CLANG_ANALYZER_NUMBER_OBJECT_CONVERSION = YES_AGGRESSIVE;
				CLANG_CXX_LANGUAGE_STANDARD = "gnu++14";
				CLANG_CXX_LIBRARY = "libc++";
				CLANG_ENABLE_MODULES = YES;
				CLANG_ENABLE_OBJC_ARC = YES;
				CLANG_ENABLE_OBJC_WEAK = YES;
				CLANG_WARN_BLOCK_CAPTURE_AUTORELEASING = YES;
				CLANG_WARN_BOOL_CONVERSION = YES;
				CLANG_WARN_COMMA = YES;
				CLANG_WARN_CONSTANT_CONVERSION = YES;
				CLANG_WARN_DEPRECATED_OBJC_IMPLEMENTATIONS = YES;
				CLANG_WARN_DIRECT_OBJC_ISA_USAGE = YES_ERROR;
				CLANG_WARN_DOCUMENTATION_COMMENTS = YES;
				CLANG_WARN_EMPTY_BODY = YES;
				CLANG_WARN_ENUM_CONVERSION = YES;
				CLANG_WARN_INFINITE_RECURSION = YES;
				CLANG_WARN_INT_CONVERSION = YES;
				CLANG_WARN_NON_LITERAL_NULL_CONVERSION = YES;
				CLANG_WARN_OBJC_IMPLICIT_RETAIN_SELF = YES;
				CLANG_WARN_OBJC_LITERAL_CONVERSION = YES;
				CLANG_WARN_OBJC_ROOT_CLASS = YES_ERROR;
				CLANG_WARN_QUOTED_INCLUDE_IN_FRAMEWORK_HEADER = YES;
				CLANG_WARN_RANGE_LOOP_ANALYSIS = YES;
				CLANG_WARN_STRICT_PROTOTYPES = YES;
				CLANG_WARN_SUSPICIOUS_MOVE = YES;
				CLANG_WARN_UNGUARDED_AVAILABILITY = YES_AGGRESSIVE;
				CLANG_WARN_UNREACHABLE_CODE = YES;
				CLANG_WARN__DUPLICATE_METHOD_MATCH = YES;
				COPY_PHASE_STRIP = NO;
				DEBUG_INFORMATION_FORMAT = "dwarf-with-dsym";
				ENABLE_NS_ASSERTIONS = NO;
				ENABLE_STRICT_OBJC_MSGSEND = YES;
				GCC_C_LANGUAGE_STANDARD = gnu11;
				GCC_NO_COMMON_BLOCKS = YES;
				GCC_WARN_64_TO_32_BIT_CONVERSION = YES;
				GCC_WARN_ABOUT_RETURN_TYPE = YES_ERROR;
				GCC_WARN_UNDECLARED_SELECTOR = YES;
				GCC_WARN_UNINITIALIZED_AUTOS = YES_AGGRESSIVE;
				GCC_WARN_UNUSED_FUNCTION = YES;
				GCC_WARN_UNUSED_VARIABLE = YES;
				IPHONEOS_DEPLOYMENT_TARGET = 14.2;
				MTL_ENABLE_DEBUG_INFO = NO;
				MTL_FAST_MATH = YES;
				SDKROOT = iphoneos;
				VALIDATE_PRODUCT = YES;
			};
			name = Release;
		};
		1AC489AB257E033100154739 /* Debug */ = {
			isa = XCBuildConfiguration;
			buildSettings = {
				ASSETCATALOG_COMPILER_APPICON_NAME = AppIcon;
				ASSETCATALOG_COMPILER_GLOBAL_ACCENT_COLOR_NAME = AccentColor;
				CODE_SIGN_STYLE = Automatic;
				DEVELOPMENT_TEAM = 749SBRVJVP;
				INFOPLIST_FILE = iOSReview/Info.plist;
				LD_RUNPATH_SEARCH_PATHS = (
					"$(inherited)",
					"@executable_path/Frameworks",
				);
				PRODUCT_BUNDLE_IDENTIFIER = com.fishycx.iOSReview;
				PRODUCT_NAME = "$(TARGET_NAME)";
				TARGETED_DEVICE_FAMILY = "1,2";
			};
			name = Debug;
		};
		1AC489AC257E033100154739 /* Release */ = {
			isa = XCBuildConfiguration;
			buildSettings = {
				ASSETCATALOG_COMPILER_APPICON_NAME = AppIcon;
				ASSETCATALOG_COMPILER_GLOBAL_ACCENT_COLOR_NAME = AccentColor;
				CODE_SIGN_STYLE = Automatic;
				DEVELOPMENT_TEAM = 749SBRVJVP;
				INFOPLIST_FILE = iOSReview/Info.plist;
				LD_RUNPATH_SEARCH_PATHS = (
					"$(inherited)",
					"@executable_path/Frameworks",
				);
				PRODUCT_BUNDLE_IDENTIFIER = com.fishycx.iOSReview;
				PRODUCT_NAME = "$(TARGET_NAME)";
				TARGETED_DEVICE_FAMILY = "1,2";
			};
			name = Release;
		};
/* End XCBuildConfiguration section */

/* Begin XCConfigurationList section */
		1AC4898C257E032F00154739 /* Build configuration list for PBXProject "iOSReview" */ = {
			isa = XCConfigurationList;
			buildConfigurations = (
				1AC489A8257E033100154739 /* Debug */,
				1AC489A9257E033100154739 /* Release */,
			);
			defaultConfigurationIsVisible = 0;
			defaultConfigurationName = Release;
		};
		1AC489AA257E033100154739 /* Build configuration list for PBXNativeTarget "iOSReview" */ = {
			isa = XCConfigurationList;
			buildConfigurations = (
				1AC489AB257E033100154739 /* Debug */,
				1AC489AC257E033100154739 /* Release */,
			);
			defaultConfigurationIsVisible = 0;
			defaultConfigurationName = Release;
		};
/* End XCConfigurationList section */
	};
	rootObject = 1AC48989257E032F00154739 /* Project object */;
}
